
Microsoft Visual Studio Solution File, Format Version 12.00
# Visual Studio Version 17
VisualStudioVersion = 17.11.35303.130
MinimumVisualStudioVersion = 10.0.40219.1
Project("{9A19103F-16F7-4668-BE54-9A1E7A4F7556}") = "TermProject", "TermProject\TermProject.csproj", "{8F716601-ADCC-4A8A-A494-CE700E489A41}"
EndProject
Global
	GlobalSection(SolutionConfigurationPlatforms) = preSolution
		Debug|Any CPU = Debug|Any CPU
		Release|Any CPU = Release|Any CPU
	EndGlobalSection
	GlobalSection(ProjectConfigurationPlatforms) = postSolution
		{8F716601-ADCC-4A8A-A494-CE700E489A41}.Debug|Any CPU.ActiveCfg = Debug|Any CPU
		{8F716601-ADCC-4A8A-A494-CE700E489A41}.Debug|Any CPU.Build.0 = Debug|Any CPU
		{8F716601-ADCC-4A8A-A494-CE700E489A41}.Release|Any CPU.ActiveCfg = Release|Any CPU
		{8F716601-ADCC-4A8A-A494-CE700E489A41}.Release|Any CPU.Build.0 = Release|Any CPU
	EndGlobalSection
	GlobalSection(SolutionProperties) = preSolution
		HideSolutionNode = FALSE
	EndGlobalSection
	GlobalSection(ExtensibilityGlobals) = postSolution
		SolutionGuid = {CCE0E827-0420-4EB1-A33A-FDD912DE922D}
	EndGlobalSection
EndGlobal
